
Microsoft Visual Studio Solution File, Format Version 12.00
# Visual Studio Version 17
VisualStudioVersion = 17.13.35825.156 d17.13
MinimumVisualStudioVersion = 10.0.40219.1
Project("{FAE04EC0-301F-11D3-BF4B-00C04F79EFBC}") = "FiorelloApp", "FiorelloApp\FiorelloApp.csproj", "{0AA6545D-29F1-4AA9-9A1C-9A976F323E7B}"
EndProject
Global
	GlobalSection(SolutionConfigurationPlatforms) = preSolution
		Debug|Any CPU = Debug|Any CPU
		Release|Any CPU = Release|Any CPU
	EndGlobalSection
	GlobalSection(ProjectConfigurationPlatforms) = postSolution
		{0AA6545D-29F1-4AA9-9A1C-9A976F323E7B}.Debug|Any CPU.ActiveCfg = Debug|Any CPU
		{0AA6545D-29F1-4AA9-9A1C-9A976F323E7B}.Debug|Any CPU.Build.0 = Debug|Any CPU
		{0AA6545D-29F1-4AA9-9A1C-9A976F323E7B}.Release|Any CPU.ActiveCfg = Release|Any CPU
		{0AA6545D-29F1-4AA9-9A1C-9A976F323E7B}.Release|Any CPU.Build.0 = Release|Any CPU
	EndGlobalSection
	GlobalSection(SolutionProperties) = preSolution
		HideSolutionNode = FALSE
	EndGlobalSection
	GlobalSection(ExtensibilityGlobals) = postSolution
		SolutionGuid = {72A56205-9EF6-411C-9577-33AB6B207B2A}
	EndGlobalSection
EndGlobal
